# THIS IS AN AUTOGENERATED FILE. DO NOT EDIT THIS FILE DIRECTLY.
# yarn lockfile v1


"@types/ramda@^0.26.41":
  version "0.26.41"
  resolved "https://registry.yarnpkg.com/@types/ramda/-/ramda-0.26.41.tgz#82161407b2ce9d17b0a19dba19fcaf00de4745a0"
  integrity sha512-EROc+evnzHr4J/8nMBky98eP9eoWhaLtlig8JWJ12f/suvSplMH4jL6L/5X6z35PTjQRWUDf6kqI02x7bX4kHQ==
  dependencies:
    ts-toolbelt "^6.1.11"

ramda@^0.27.0:
  version "0.27.0"
  resolved "https://registry.yarnpkg.com/ramda/-/ramda-0.27.0.tgz#915dc29865c0800bf3f69b8fd6c279898b59de43"
  integrity sha512-pVzZdDpWwWqEVVLshWUHjNwuVP7SfcmPraYuqocJp1yo2U1R7P+5QAfDhdItkuoGqIBnBYrtPp7rEPqDn9HlZA==

ts-toolbelt@^6.1.11:
  version "6.3.0"
  resolved "https://registry.yarnpkg.com/ts-toolbelt/-/ts-toolbelt-6.3.0.tgz#1c7d20841e3a6272117273a1574034a9a80c316c"
  integrity sha512-tm0LbFonuwKMLll9duP+/DQ9nHA9xU+qPo9OrPZWkRZ9iBDp2IPEcPUUSpHGVFckpElIgf9jx1UOW3wzUDLP9g==
